github.com/aws/aws-lambda-go v1.41.0 h1:l/5fyVb6Ud9uYd411xdHZzSf2n86TakxzpvIoz7l+3Y=
github.com/aws/aws-lambda-go v1.41.0/go.mod h1:jwFe2KmMsHmffA1X2R09hH6lFzJQxzI8qK17ewzbQMM=
github.com/cenkalti/backoff v2.1.1+incompatible h1:tKJnvO2kl0zmb/jA5UKAt4VoEVw1qxKWjE/Bpp46npY=
github.com/cenkalti/backoff v2.1.1+incompatible/go.mod h1:90ReRw6GdpyfrHakVjL/QHaoyV4aDUVVkXQJJJ3NXXM=
github.com/davecgh/go-spew v1.1.1 h1:vj9j/u1bqnvCEfJOwUhtlOARqs3+rkHYY13jYWTU97c=
github.com/google/go-querystring v1.0.0 h1:Xkwi/a1rcvNg1PPYe5vI8GbeBY/jrVuDX5ASuANWTrk=
github.com/google/go-querystring v1.0.0/go.mod h1:odCYkC5MyYFN7vkCjXpyrEuKhc/BUO6wN/zVPAxq5ck=
github.com/google/uuid v1.0.0 h1:b4Gk+7WdP/d3HZH8EJsZpvV7EtDOgaZLtnaNGIu1adA=
github.com/google/uuid v1.0.0/go.mod h1:TIyPZe4MgqvfeYDBFedMoGGpEw/LqOeaOT+nhxU+yHo=
github.com/heroku/heroku-go/v5 v5.5.0 h1:+pKHpiPskqkkarrPHF7RpeUveXl+mAsKLAEI/ZIY9uA=
github.com/heroku/heroku-go/v5 v5.5.0/go.mod h1:Uo3XhGPwaTpniR4X1e50BDjg4SzdFk2Bd2mgYZVkfHo=
github.com/pborman/uuid v1.2.0 h1:J7Q5mO4ysT1dv8hyrUGHb9+ooztCXu1D8MY8DZYsu3g=
github.com/pborman/uuid v1.2.0/go.mod h1:X/NO0urCmaxf9VXbdlT7C2Yzkj2IKimNn4k+gtPdI/k=
github.com/pmezard/go-difflib v1.0.0 h1:4DBwDE0NGyQoBHbLQYPwSUPoCMWR5BEzIk/f1lZbAQM=
github.com/stretchr/testify v1.7.2 h1:4jaiDzPyXQvSd7D0EjG45355tLlV3VOECpq10pLC+8s=
gopkg.in/yaml.v3 v3.0.1 h1:fxVm/GzAzEWqLHuvctI91KS9hhNmmWOoWu0XTYJS7CA=
